// !$*UTF8*$!
{
	archiveVersion = 1;
	classes = {
	};
	objectVersion = 46;
	objects = {

/* Begin PBXBuildFile section */
		CF58E7831BF6FA05000D47C9 /* main.m in Sources */ = {isa = PBXBuildFile; fileRef = CF58E7821BF6FA05000D47C9 /* main.m */; };
		CF58E7861BF6FA05000D47C9 /* AppDelegate.m in Sources */ = {isa = PBXBuildFile; fileRef = CF58E7851BF6FA05000D47C9 /* AppDelegate.m */; };
		CF58E7891BF6FA05000D47C9 /* ViewController.m in Sources */ = {isa = PBXBuildFile; fileRef = CF58E7881BF6FA05000D47C9 /* ViewController.m */; };
		CF58E78C1BF6FA05000D47C9 /* Main.storyboard in Resources */ = {isa = PBXBuildFile; fileRef = CF58E78A1BF6FA05000D47C9 /* Main.storyboard */; };
		CF58E78E1BF6FA05000D47C9 /* Assets.xcassets in Resources */ = {isa = PBXBuildFile; fileRef = CF58E78D1BF6FA05000D47C9 /* Assets.xcassets */; };
		CF58E7911BF6FA05000D47C9 /* LaunchScreen.storyboard in Resources */ = {isa = PBXBuildFile; fileRef = CF58E78F1BF6FA05000D47C9 /* LaunchScreen.storyboard */; };
		CF58E79C1BF6FA05000D47C9 /* _2_____Tests.m in Sources */ = {isa = PBXBuildFile; fileRef = CF58E79B1BF6FA05000D47C9 /* _2_____Tests.m */; };
		CF58E7A71BF6FA05000D47C9 /* _2_____UITests.m in Sources */ = {isa = PBXBuildFile; fileRef = CF58E7A61BF6FA05000D47C9 /* _2_____UITests.m */; };
		CF58E7B51BF6FAD4000D47C9 /* 素材 in Resources */ = {isa = PBXBuildFile; fileRef = CF58E7B41BF6FAD4000D47C9 /* 素材 */; };
/* End PBXBuildFile section */

/* Begin PBXContainerItemProxy section */
		CF58E7981BF6FA05000D47C9 /* PBXContainerItemProxy */ = {
			isa = PBXContainerItemProxy;
			containerPortal = CF58E7761BF6FA05000D47C9 /* Project object */;
			proxyType = 1;
			remoteGlobalIDString = CF58E77D1BF6FA05000D47C9;
			remoteInfo = "02-按钮操作";
		};
		CF58E7A31BF6FA05000D47C9 /* PBXContainerItemProxy */ = {
			isa = PBXContainerItemProxy;
			containerPortal = CF58E7761BF6FA05000D47C9 /* Project object */;
			proxyType = 1;
			remoteGlobalIDString = CF58E77D1BF6FA05000D47C9;
			remoteInfo = "02-按钮操作";
		};
/* End PBXContainerItemProxy section */

/* Begin PBXFileReference section */
		CF58E77E1BF6FA05000D47C9 /* 02-按钮操作.app */ = {isa = PBXFileReference; explicitFileType = wrapper.application; includeInIndex = 0; path = "02-按钮操作.app"; sourceTree = BUILT_PRODUCTS_DIR; };
		CF58E7821BF6FA05000D47C9 /* main.m */ = {isa = PBXFileReference; lastKnownFileType = sourcecode.c.objc; path = main.m; sourceTree = "<group>"; };
		CF58E7841BF6FA05000D47C9 /* AppDelegate.h */ = {isa = PBXFileReference; lastKnownFileType = sourcecode.c.h; path = AppDelegate.h; sourceTree = "<group>"; };
		CF58E7851BF6FA05000D47C9 /* AppDelegate.m */ = {isa = PBXFileReference; lastKnownFileType = sourcecode.c.objc; path = AppDelegate.m; sourceTree = "<group>"; };
		CF58E7871BF6FA05000D47C9 /* ViewController.h */ = {isa = PBXFileReference; lastKnownFileType = sourcecode.c.h; path = ViewController.h; sourceTree = "<group>"; };
		CF58E7881BF6FA05000D47C9 /* ViewController.m */ = {isa = PBXFileReference; lastKnownFileType = sourcecode.c.objc; path = ViewController.m; sourceTree = "<group>"; };
		CF58E78B1BF6FA05000D47C9 /* Base */ = {isa = PBXFileReference; lastKnownFileType = file.storyboard; name = Base; path = Base.lproj/Main.storyboard; sourceTree = "<group>"; };
		CF58E78D1BF6FA05000D47C9 /* Assets.xcassets */ = {isa = PBXFileReference; lastKnownFileType = folder.assetcatalog; path = Assets.xcassets; sourceTree = "<group>"; };
		CF58E7901BF6FA05000D47C9 /* Base */ = {isa = PBXFileReference; lastKnownFileType = file.storyboard; name = Base; path = Base.lproj/LaunchScreen.storyboard; sourceTree = "<group>"; };
		CF58E7921BF6FA05000D47C9 /* Info.plist */ = {isa = PBXFileReference; lastKnownFileType = text.plist.xml; path = Info.plist; sourceTree = "<group>"; };
		CF58E7971BF6FA05000D47C9 /* 02-按钮操作Tests.xctest */ = {isa = PBXFileReference; explicitFileType = wrapper.cfbundle; includeInIndex = 0; path = "02-按钮操作Tests.xctest"; sourceTree = BUILT_PRODUCTS_DIR; };
		CF58E79B1BF6FA05000D47C9 /* _2_____Tests.m */ = {isa = PBXFileReference; lastKnownFileType = sourcecode.c.objc; path = "_2_____Tests.m"; sourceTree = "<group>"; };
		CF58E79D1BF6FA05000D47C9 /* Info.plist */ = {isa = PBXFileReference; lastKnownFileType = text.plist.xml; path = Info.plist; sourceTree = "<group>"; };
		CF58E7A21BF6FA05000D47C9 /* 02-按钮操作UITests.xctest */ = {isa = PBXFileReference; explicitFileType = wrapper.cfbundle; includeInIndex = 0; path = "02-按钮操作UITests.xctest"; sourceTree = BUILT_PRODUCTS_DIR; };
		CF58E7A61BF6FA05000D47C9 /* _2_____UITests.m */ = {isa = PBXFileReference; lastKnownFileType = sourcecode.c.objc; path = "_2_____UITests.m"; sourceTree = "<group>"; };
		CF58E7A81BF6FA05000D47C9 /* Info.plist */ = {isa = PBXFileReference; lastKnownFileType = text.plist.xml; path = Info.plist; sourceTree = "<group>"; };
		CF58E7B41BF6FAD4000D47C9 /* 素材 */ = {isa = PBXFileReference; lastKnownFileType = folder; path = "素材"; sourceTree = "<group>"; };
/* End PBXFileReference section */

/* Begin PBXFrameworksBuildPhase section */
		CF58E77B1BF6FA05000D47C9 /* Frameworks */ = {
			isa = PBXFrameworksBuildPhase;
			buildActionMask = 2147483647;
			files = (
			);
			runOnlyForDeploymentPostprocessing = 0;
		};
		CF58E7941BF6FA05000D47C9 /* Frameworks */ = {
			isa = PBXFrameworksBuildPhase;
			buildActionMask = 2147483647;
			files = (
			);
			runOnlyForDeploymentPostprocessing = 0;
		};
		CF58E79F1BF6FA05000D47C9 /* Frameworks */ = {
			isa = PBXFrameworksBuildPhase;
			buildActionMask = 2147483647;
			files = (
			);
			runOnlyForDeploymentPostprocessing = 0;
		};
/* End PBXFrameworksBuildPhase section */

/* Begin PBXGroup section */
		CF58E7751BF6FA05000D47C9 = {
			isa = PBXGroup;
			children = (
				CF58E7801BF6FA05000D47C9 /* 02-按钮操作 */,
				CF58E79A1BF6FA05000D47C9 /* 02-按钮操作Tests */,
				CF58E7A51BF6FA05000D47C9 /* 02-按钮操作UITests */,
				CF58E77F1BF6FA05000D47C9 /* Products */,
			);
			sourceTree = "<group>";
		};
		CF58E77F1BF6FA05000D47C9 /* Products */ = {
			isa = PBXGroup;
			children = (
				CF58E77E1BF6FA05000D47C9 /* 02-按钮操作.app */,
				CF58E7971BF6FA05000D47C9 /* 02-按钮操作Tests.xctest */,
				CF58E7A21BF6FA05000D47C9 /* 02-按钮操作UITests.xctest */,
			);
			name = Products;
			sourceTree = "<group>";
		};
		CF58E7801BF6FA05000D47C9 /* 02-按钮操作 */ = {
			isa = PBXGroup;
			children = (
				CF58E7841BF6FA05000D47C9 /* AppDelegate.h */,
				CF58E7851BF6FA05000D47C9 /* AppDelegate.m */,
				CF58E7871BF6FA05000D47C9 /* ViewController.h */,
				CF58E7881BF6FA05000D47C9 /* ViewController.m */,
				CF58E78A1BF6FA05000D47C9 /* Main.storyboard */,
				CF58E78D1BF6FA05000D47C9 /* Assets.xcassets */,
				CF58E78F1BF6FA05000D47C9 /* LaunchScreen.storyboard */,
				CF58E7921BF6FA05000D47C9 /* Info.plist */,
				CF58E7811BF6FA05000D47C9 /* Supporting Files */,
			);
			path = "02-按钮操作";
			sourceTree = "<group>";
		};
		CF58E7811BF6FA05000D47C9 /* Supporting Files */ = {
			isa = PBXGroup;
			children = (
				CF58E7B41BF6FAD4000D47C9 /* 素材 */,
				CF58E7821BF6FA05000D47C9 /* main.m */,
			);
			name = "Supporting Files";
			sourceTree = "<group>";
		};
		CF58E79A1BF6FA05000D47C9 /* 02-按钮操作Tests */ = {
			isa = PBXGroup;
			children = (
				CF58E79B1BF6FA05000D47C9 /* _2_____Tests.m */,
				CF58E79D1BF6FA05000D47C9 /* Info.plist */,
			);
			path = "02-按钮操作Tests";
			sourceTree = "<group>";
		};
		CF58E7A51BF6FA05000D47C9 /* 02-按钮操作UITests */ = {
			isa = PBXGroup;
			children = (
				CF58E7A61BF6FA05000D47C9 /* _2_____UITests.m */,
				CF58E7A81BF6FA05000D47C9 /* Info.plist */,
			);
			path = "02-按钮操作UITests";
			sourceTree = "<group>";
		};
/* End PBXGroup section */

/* Begin PBXNativeTarget section */
		CF58E77D1BF6FA05000D47C9 /* 02-按钮操作 */ = {
			isa = PBXNativeTarget;
			buildConfigurationList = CF58E7AB1BF6FA05000D47C9 /* Build configuration list for PBXNativeTarget "02-按钮操作" */;
			buildPhases = (
				CF58E77A1BF6FA05000D47C9 /* Sources */,
				CF58E77B1BF6FA05000D47C9 /* Frameworks */,
				CF58E77C1BF6FA05000D47C9 /* Resources */,
			);
			buildRules = (
			);
			dependencies = (
			);
			name = "02-按钮操作";
			productName = "02-按钮操作";
			productReference = CF58E77E1BF6FA05000D47C9 /* 02-按钮操作.app */;
			productType = "com.apple.product-type.application";
		};
		CF58E7961BF6FA05000D47C9 /* 02-按钮操作Tests */ = {
			isa = PBXNativeTarget;
			buildConfigurationList = CF58E7AE1BF6FA05000D47C9 /* Build configuration list for PBXNativeTarget "02-按钮操作Tests" */;
			buildPhases = (
				CF58E7931BF6FA05000D47C9 /* Sources */,
				CF58E7941BF6FA05000D47C9 /* Frameworks */,
				CF58E7951BF6FA05000D47C9 /* Resources */,
			);
			buildRules = (
			);
			dependencies = (
				CF58E7991BF6FA05000D47C9 /* PBXTargetDependency */,
			);
			name = "02-按钮操作Tests";
			productName = "02-按钮操作Tests";
			productReference = CF58E7971BF6FA05000D47C9 /* 02-按钮操作Tests.xctest */;
			productType = "com.apple.product-type.bundle.unit-test";
		};
		CF58E7A11BF6FA05000D47C9 /* 02-按钮操作UITests */ = {
			isa = PBXNativeTarget;
			buildConfigurationList = CF58E7B11BF6FA05000D47C9 /* Build configuration list for PBXNativeTarget "02-按钮操作UITests" */;
			buildPhases = (
				CF58E79E1BF6FA05000D47C9 /* Sources */,
				CF58E79F1BF6FA05000D47C9 /* Frameworks */,
				CF58E7A01BF6FA05000D47C9 /* Resources */,
			);
			buildRules = (
			);
			dependencies = (
				CF58E7A41BF6FA05000D47C9 /* PBXTargetDependency */,
			);
			name = "02-按钮操作UITests";
			productName = "02-按钮操作UITests";
			productReference = CF58E7A21BF6FA05000D47C9 /* 02-按钮操作UITests.xctest */;
			productType = "com.apple.product-type.bundle.ui-testing";
		};
/* End PBXNativeTarget section */

/* Begin PBXProject section */
		CF58E7761BF6FA05000D47C9 /* Project object */ = {
			isa = PBXProject;
			attributes = {
				LastUpgradeCheck = 0710;
				ORGANIZATIONNAME = "韩 晓剑";
				TargetAttributes = {
					CF58E77D1BF6FA05000D47C9 = {
						CreatedOnToolsVersion = 7.1.1;
						DevelopmentTeam = BB33V7ZM23;
					};
					CF58E7961BF6FA05000D47C9 = {
						CreatedOnToolsVersion = 7.1.1;
						DevelopmentTeam = BB33V7ZM23;
						TestTargetID = CF58E77D1BF6FA05000D47C9;
					};
					CF58E7A11BF6FA05000D47C9 = {
						CreatedOnToolsVersion = 7.1.1;
						DevelopmentTeam = BB33V7ZM23;
						TestTargetID = CF58E77D1BF6FA05000D47C9;
					};
				};
			};
			buildConfigurationList = CF58E7791BF6FA05000D47C9 /* Build configuration list for PBXProject "02-按钮操作" */;
			compatibilityVersion = "Xcode 3.2";
			developmentRegion = English;
			hasScannedForEncodings = 0;
			knownRegions = (
				en,
				Base,
			);
			mainGroup = CF58E7751BF6FA05000D47C9;
			productRefGroup = CF58E77F1BF6FA05000D47C9 /* Products */;
			projectDirPath = "";
			projectRoot = "";
			targets = (
				CF58E77D1BF6FA05000D47C9 /* 02-按钮操作 */,
				CF58E7961BF6FA05000D47C9 /* 02-按钮操作Tests */,
				CF58E7A11BF6FA05000D47C9 /* 02-按钮操作UITests */,
			);
		};
/* End PBXProject section */

/* Begin PBXResourcesBuildPhase section */
		CF58E77C1BF6FA05000D47C9 /* Resources */ = {
			isa = PBXResourcesBuildPhase;
			buildActionMask = 2147483647;
			files = (
				CF58E7911BF6FA05000D47C9 /* LaunchScreen.storyboard in Resources */,
				CF58E78E1BF6FA05000D47C9 /* Assets.xcassets in Resources */,
				CF58E7B51BF6FAD4000D47C9 /* 素材 in Resources */,
				CF58E78C1BF6FA05000D47C9 /* Main.storyboard in Resources */,
			);
			runOnlyForDeploymentPostprocessing = 0;
		};
		CF58E7951BF6FA05000D47C9 /* Resources */ = {
			isa = PBXResourcesBuildPhase;
			buildActionMask = 2147483647;
			files = (
			);
			runOnlyForDeploymentPostprocessing = 0;
		};
		CF58E7A01BF6FA05000D47C9 /* Resources */ = {
			isa = PBXResourcesBuildPhase;
			buildActionMask = 2147483647;
			files = (
			);
			runOnlyForDeploymentPostprocessing = 0;
		};
/* End PBXResourcesBuildPhase section */

/* Begin PBXSourcesBuildPhase section */
		CF58E77A1BF6FA05000D47C9 /* Sources */ = {
			isa = PBXSourcesBuildPhase;
			buildActionMask = 2147483647;
			files = (
				CF58E7891BF6FA05000D47C9 /* ViewController.m in Sources */,
				CF58E7861BF6FA05000D47C9 /* AppDelegate.m in Sources */,
				CF58E7831BF6FA05000D47C9 /* main.m in Sources */,
			);
			runOnlyForDeploymentPostprocessing = 0;
		};
		CF58E7931BF6FA05000D47C9 /* Sources */ = {
			isa = PBXSourcesBuildPhase;
			buildActionMask = 2147483647;
			files = (
				CF58E79C1BF6FA05000D47C9 /* _2_____Tests.m in Sources */,
			);
			runOnlyForDeploymentPostprocessing = 0;
		};
		CF58E79E1BF6FA05000D47C9 /* Sources */ = {
			isa = PBXSourcesBuildPhase;
			buildActionMask = 2147483647;
			files = (
				CF58E7A71BF6FA05000D47C9 /* _2_____UITests.m in Sources */,
			);
			runOnlyForDeploymentPostprocessing = 0;
		};
/* End PBXSourcesBuildPhase section */

/* Begin PBXTargetDependency section */
		CF58E7991BF6FA05000D47C9 /* PBXTargetDependency */ = {
			isa = PBXTargetDependency;
			target = CF58E77D1BF6FA05000D47C9 /* 02-按钮操作 */;
			targetProxy = CF58E7981BF6FA05000D47C9 /* PBXContainerItemProxy */;
		};
		CF58E7A41BF6FA05000D47C9 /* PBXTargetDependency */ = {
			isa = PBXTargetDependency;
			target = CF58E77D1BF6FA05000D47C9 /* 02-按钮操作 */;
			targetProxy = CF58E7A31BF6FA05000D47C9 /* PBXContainerItemProxy */;
		};
/* End PBXTargetDependency section */

/* Begin PBXVariantGroup section */
		CF58E78A1BF6FA05000D47C9 /* Main.storyboard */ = {
			isa = PBXVariantGroup;
			children = (
				CF58E78B1BF6FA05000D47C9 /* Base */,
			);
			name = Main.storyboard;
			sourceTree = "<group>";
		};
		CF58E78F1BF6FA05000D47C9 /* LaunchScreen.storyboard */ = {
			isa = PBXVariantGroup;
			children = (
				CF58E7901BF6FA05000D47C9 /* Base */,
			);
			name = LaunchScreen.storyboard;
			sourceTree = "<group>";
		};
/* End PBXVariantGroup section */

/* Begin XCBuildConfiguration section */
		CF58E7A91BF6FA05000D47C9 /* Debug */ = {
			isa = XCBuildConfiguration;
			buildSettings = {
				ALWAYS_SEARCH_USER_PATHS = NO;
				CLANG_CXX_LANGUAGE_STANDARD = "gnu++0x";
				CLANG_CXX_LIBRARY = "libc++";
				CLANG_ENABLE_MODULES = YES;
				CLANG_ENABLE_OBJC_ARC = YES;
				CLANG_WARN_BOOL_CONVERSION = YES;
				CLANG_WARN_CONSTANT_CONVERSION = YES;
				CLANG_WARN_DIRECT_OBJC_ISA_USAGE = YES_ERROR;
				CLANG_WARN_EMPTY_BODY = YES;
				CLANG_WARN_ENUM_CONVERSION = YES;
				CLANG_WARN_INT_CONVERSION = YES;
				CLANG_WARN_OBJC_ROOT_CLASS = YES_ERROR;
				CLANG_WARN_UNREACHABLE_CODE = YES;
				CLANG_WARN__DUPLICATE_METHOD_MATCH = YES;
				"CODE_SIGN_IDENTITY[sdk=iphoneos*]" = "iPhone Developer";
				COPY_PHASE_STRIP = NO;
				DEBUG_INFORMATION_FORMAT = dwarf;
				ENABLE_STRICT_OBJC_MSGSEND = YES;
				ENABLE_TESTABILITY = YES;
				GCC_C_LANGUAGE_STANDARD = gnu99;
				GCC_DYNAMIC_NO_PIC = NO;
				GCC_NO_COMMON_BLOCKS = YES;
				GCC_OPTIMIZATION_LEVEL = 0;
				GCC_PREPROCESSOR_DEFINITIONS = (
					"DEBUG=1",
					"$(inherited)",
				);
				GCC_WARN_64_TO_32_BIT_CONVERSION = YES;
				GCC_WARN_ABOUT_RETURN_TYPE = YES_ERROR;
				GCC_WARN_UNDECLARED_SELECTOR = YES;
				GCC_WARN_UNINITIALIZED_AUTOS = YES_AGGRESSIVE;
				GCC_WARN_UNUSED_FUNCTION = YES;
				GCC_WARN_UNUSED_VARIABLE = YES;
				IPHONEOS_DEPLOYMENT_TARGET = 9.1;
				MTL_ENABLE_DEBUG_INFO = YES;
				ONLY_ACTIVE_ARCH = YES;
				SDKROOT = iphoneos;
				TARGETED_DEVICE_FAMILY = "1,2";
			};
			name = Debug;
		};
		CF58E7AA1BF6FA05000D47C9 /* Release */ = {
			isa = XCBuildConfiguration;
			buildSettings = {
				ALWAYS_SEARCH_USER_PATHS = NO;
				CLANG_CXX_LANGUAGE_STANDARD = "gnu++0x";
				CLANG_CXX_LIBRARY = "libc++";
				CLANG_ENABLE_MODULES = YES;
				CLANG_ENABLE_OBJC_ARC = YES;
				CLANG_WARN_BOOL_CONVERSION = YES;
				CLANG_WARN_CONSTANT_CONVERSION = YES;
				CLANG_WARN_DIRECT_OBJC_ISA_USAGE = YES_ERROR;
				CLANG_WARN_EMPTY_BODY = YES;
				CLANG_WARN_ENUM_CONVERSION = YES;
				CLANG_WARN_INT_CONVERSION = YES;
				CLANG_WARN_OBJC_ROOT_CLASS = YES_ERROR;
				CLANG_WARN_UNREACHABLE_CODE = YES;
				CLANG_WARN__DUPLICATE_METHOD_MATCH = YES;
				"CODE_SIGN_IDENTITY[sdk=iphoneos*]" = "iPhone Developer";
				COPY_PHASE_STRIP = NO;
				DEBUG_INFORMATION_FORMAT = "dwarf-with-dsym";
				ENABLE_NS_ASSERTIONS = NO;
				ENABLE_STRICT_OBJC_MSGSEND = YES;
				GCC_C_LANGUAGE_STANDARD = gnu99;
				GCC_NO_COMMON_BLOCKS = YES;
				GCC_WARN_64_TO_32_BIT_CONVERSION = YES;
				GCC_WARN_ABOUT_RETURN_TYPE = YES_ERROR;
				GCC_WARN_UNDECLARED_SELECTOR = YES;
				GCC_WARN_UNINITIALIZED_AUTOS = YES_AGGRESSIVE;
				GCC_WARN_UNUSED_FUNCTION = YES;
				GCC_WARN_UNUSED_VARIABLE = YES;
				IPHONEOS_DEPLOYMENT_TARGET = 9.1;
				MTL_ENABLE_DEBUG_INFO = NO;
				SDKROOT = iphoneos;
				TARGETED_DEVICE_FAMILY = "1,2";
				VALIDATE_PRODUCT = YES;
			};
			name = Release;
		};
		CF58E7AC1BF6FA05000D47C9 /* Debug */ = {
			isa = XCBuildConfiguration;
			buildSettings = {
				ASSETCATALOG_COMPILER_APPICON_NAME = AppIcon;
				INFOPLIST_FILE = "02-按钮操作/Info.plist";
				LD_RUNPATH_SEARCH_PATHS = "$(inherited) @executable_path/Frameworks";
				PRODUCT_BUNDLE_IDENTIFIER = "lorenhan-163.com.-2-----";
				PRODUCT_NAME = "$(TARGET_NAME)";
			};
			name = Debug;
		};
		CF58E7AD1BF6FA05000D47C9 /* Release */ = {
			isa = XCBuildConfiguration;
			buildSettings = {
				ASSETCATALOG_COMPILER_APPICON_NAME = AppIcon;
				INFOPLIST_FILE = "02-按钮操作/Info.plist";
				LD_RUNPATH_SEARCH_PATHS = "$(inherited) @executable_path/Frameworks";
				PRODUCT_BUNDLE_IDENTIFIER = "lorenhan-163.com.-2-----";
				PRODUCT_NAME = "$(TARGET_NAME)";
			};
			name = Release;
		};
		CF58E7AF1BF6FA05000D47C9 /* Debug */ = {
			isa = XCBuildConfiguration;
			buildSettings = {
				BUNDLE_LOADER = "$(TEST_HOST)";
				INFOPLIST_FILE = "02-按钮操作Tests/Info.plist";
				LD_RUNPATH_SEARCH_PATHS = "$(inherited) @executable_path/Frameworks @loader_path/Frameworks";
				PRODUCT_BUNDLE_IDENTIFIER = "lorenhan-163.com.-2-----Tests";
				PRODUCT_NAME = "$(TARGET_NAME)";
				TEST_HOST = "$(BUILT_PRODUCTS_DIR)/02-按钮操作.app/02-按钮操作";
			};
			name = Debug;
		};
		CF58E7B01BF6FA05000D47C9 /* Release */ = {
			isa = XCBuildConfiguration;
			buildSettings = {
				BUNDLE_LOADER = "$(TEST_HOST)";
				INFOPLIST_FILE = "02-按钮操作Tests/Info.plist";
				LD_RUNPATH_SEARCH_PATHS = "$(inherited) @executable_path/Frameworks @loader_path/Frameworks";
				PRODUCT_BUNDLE_IDENTIFIER = "lorenhan-163.com.-2-----Tests";
				PRODUCT_NAME = "$(TARGET_NAME)";
				TEST_HOST = "$(BUILT_PRODUCTS_DIR)/02-按钮操作.app/02-按钮操作";
			};
			name = Release;
		};
		CF58E7B21BF6FA05000D47C9 /* Debug */ = {
			isa = XCBuildConfiguration;
			buildSettings = {
				INFOPLIST_FILE = "02-按钮操作UITests/Info.plist";
				LD_RUNPATH_SEARCH_PATHS = "$(inherited) @executable_path/Frameworks @loader_path/Frameworks";
				PRODUCT_BUNDLE_IDENTIFIER = "lorenhan-163.com.-2-----UITests";
				PRODUCT_NAME = "$(TARGET_NAME)";
				TEST_TARGET_NAME = "02-按钮操作";
				USES_XCTRUNNER = YES;
			};
			name = Debug;
		};
		CF58E7B31BF6FA05000D47C9 /* Release */ = {
			isa = XCBuildConfiguration;
			buildSettings = {
				INFOPLIST_FILE = "02-按钮操作UITests/Info.plist";
				LD_RUNPATH_SEARCH_PATHS = "$(inherited) @executable_path/Frameworks @loader_path/Frameworks";
				PRODUCT_BUNDLE_IDENTIFIER = "lorenhan-163.com.-2-----UITests";
				PRODUCT_NAME = "$(TARGET_NAME)";
				TEST_TARGET_NAME = "02-按钮操作";
				USES_XCTRUNNER = YES;
			};
			name = Release;
		};
/* End XCBuildConfiguration section */

/* Begin XCConfigurationList section */
		CF58E7791BF6FA05000D47C9 /* Build configuration list for PBXProject "02-按钮操作" */ = {
			isa = XCConfigurationList;
			buildConfigurations = (
				CF58E7A91BF6FA05000D47C9 /* Debug */,
				CF58E7AA1BF6FA05000D47C9 /* Release */,
			);
			defaultConfigurationIsVisible = 0;
			defaultConfigurationName = Release;
		};
		CF58E7AB1BF6FA05000D47C9 /* Build configuration list for PBXNativeTarget "02-按钮操作" */ = {
			isa = XCConfigurationList;
			buildConfigurations = (
				CF58E7AC1BF6FA05000D47C9 /* Debug */,
				CF58E7AD1BF6FA05000D47C9 /* Release */,
			);
			defaultConfigurationIsVisible = 0;
		};
		CF58E7AE1BF6FA05000D47C9 /* Build configuration list for PBXNativeTarget "02-按钮操作Tests" */ = {
			isa = XCConfigurationList;
			buildConfigurations = (
				CF58E7AF1BF6FA05000D47C9 /* Debug */,
				CF58E7B01BF6FA05000D47C9 /* Release */,
			);
			defaultConfigurationIsVisible = 0;
		};
		CF58E7B11BF6FA05000D47C9 /* Build configuration list for PBXNativeTarget "02-按钮操作UITests" */ = {
			isa = XCConfigurationList;
			buildConfigurations = (
				CF58E7B21BF6FA05000D47C9 /* Debug */,
				CF58E7B31BF6FA05000D47C9 /* Release */,
			);
			defaultConfigurationIsVisible = 0;
		};
/* End XCConfigurationList section */
	};
	rootObject = CF58E7761BF6FA05000D47C9 /* Project object */;
}
